
Microsoft Visual Studio Solution File, Format Version 12.00
# Visual Studio Version 17
VisualStudioVersion = 17.10.34928.147
MinimumVisualStudioVersion = 10.0.40219.1
Project("{9A19103F-16F7-4668-BE54-9A1E7A4F7556}") = "Traveless", "Traveless.csproj", "{800B54BB-992E-4916-8637-1224E9D13E36}"
EndProject
Global
	GlobalSection(SolutionConfigurationPlatforms) = preSolution
		Debug|Any CPU = Debug|Any CPU
		Release|Any CPU = Release|Any CPU
	EndGlobalSection
	GlobalSection(ProjectConfigurationPlatforms) = postSolution
		{800B54BB-992E-4916-8637-1224E9D13E36}.Debug|Any CPU.ActiveCfg = Debug|Any CPU
		{800B54BB-992E-4916-8637-1224E9D13E36}.Debug|Any CPU.Build.0 = Debug|Any CPU
		{800B54BB-992E-4916-8637-1224E9D13E36}.Debug|Any CPU.Deploy.0 = Debug|Any CPU
		{800B54BB-992E-4916-8637-1224E9D13E36}.Release|Any CPU.ActiveCfg = Release|Any CPU
		{800B54BB-992E-4916-8637-1224E9D13E36}.Release|Any CPU.Build.0 = Release|Any CPU
		{800B54BB-992E-4916-8637-1224E9D13E36}.Release|Any CPU.Deploy.0 = Release|Any CPU
	EndGlobalSection
	GlobalSection(SolutionProperties) = preSolution
		HideSolutionNode = FALSE
	EndGlobalSection
	GlobalSection(ExtensibilityGlobals) = postSolution
		SolutionGuid = {45467A2F-34CF-43B1-8B3F-1E07F483AED5}
	EndGlobalSection
EndGlobal
